{
  "name": "ad-events",
  "version": "1.0.0",
  "lockfileVersion": 1,
  "requires": true,
  "dependencies": {
    "ad-canvas": {
      "version": "git://github.com/ff0000-ad-tech/ad-canvas.git#3364b90f6a4ae4e30458fc7c431a8440e4c9ffb7",
      "requires": {
        "ad-control": "git://github.com/ff0000-ad-tech/ad-control.git#95862fd07382a93761ffcfff565fee06f59be08f",
        "ad-events": "git://github.com/ff0000-ad-tech/ad-events.git#fa3ccaed598c46ee18f81244eb65de8ece5ab80e",
        "ad-external": "git://github.com/ff0000-ad-tech/ad-external.git#82d60c68f72c016c7f116de83380773f6f5992aa",
        "ad-geom": "git://github.com/ff0000-ad-tech/ad-geom.git#97643256748528d3fa721d862ec739a2d993878f",
        "ad-legacy": "git://github.com/ff0000-ad-tech/ad-legacy.git#1b3742f40332abcb62ee07179c1013d3a11d1eb5",
        "ad-ui": "git://github.com/ff0000-ad-tech/ad-ui.git#46c7797a00861f0544cf20fd6a52e1ad29fc7c1f",
        "ad-utils": "git://github.com/ff0000-ad-tech/ad-utils.git#44323057bdf0be914d6988ee0b486d86fe849ac0",
        "ad-view": "git://github.com/ff0000-ad-tech/ad-view.git#65ab0ec29bea71e45b2f9bcbe19dce80962a940d"
      }
    },
    "ad-control": {
      "version": "git://github.com/ff0000-ad-tech/ad-control.git#95862fd07382a93761ffcfff565fee06f59be08f",
      "requires": {
        "ad-events": "git://github.com/ff0000-ad-tech/ad-events.git#fa3ccaed598c46ee18f81244eb65de8ece5ab80e",
        "ad-external": "git://github.com/ff0000-ad-tech/ad-external.git#82d60c68f72c016c7f116de83380773f6f5992aa",
        "ad-geom": "git://github.com/ff0000-ad-tech/ad-geom.git#97643256748528d3fa721d862ec739a2d993878f",
        "ad-load": "git://github.com/ff0000-ad-tech/ad-load.git#35084ad1690a1b01642f1f3993d108611926c36f",
        "ad-utils": "git://github.com/ff0000-ad-tech/ad-utils.git#44323057bdf0be914d6988ee0b486d86fe849ac0",
        "ad-view": "git://github.com/ff0000-ad-tech/ad-view.git#65ab0ec29bea71e45b2f9bcbe19dce80962a940d"
      }
    },
    "ad-dates": {
      "version": "git://github.com/ff0000-ad-tech/ad-dates.git#1f0ad9589d795c8ed71b38c564d28e8beb0fc732",
      "requires": {
        "ad-dates": "git://github.com/ff0000-ad-tech/ad-dates.git#1f0ad9589d795c8ed71b38c564d28e8beb0fc732",
        "ad-legacy": "git://github.com/ff0000-ad-tech/ad-legacy.git#1b3742f40332abcb62ee07179c1013d3a11d1eb5",
        "ad-load": "git://github.com/ff0000-ad-tech/ad-load.git#35084ad1690a1b01642f1f3993d108611926c36f",
        "ad-utils": "git://github.com/ff0000-ad-tech/ad-utils.git#44323057bdf0be914d6988ee0b486d86fe849ac0"
      }
    },
    "ad-events": {
      "version": "git://github.com/ff0000-ad-tech/ad-events.git#fa3ccaed598c46ee18f81244eb65de8ece5ab80e",
      "requires": {
        "ad-external": "git://github.com/ff0000-ad-tech/ad-external.git#82d60c68f72c016c7f116de83380773f6f5992aa",
        "ad-view": "git://github.com/ff0000-ad-tech/ad-view.git#65ab0ec29bea71e45b2f9bcbe19dce80962a940d"
      }
    },
    "ad-external": {
      "version": "git://github.com/ff0000-ad-tech/ad-external.git#82d60c68f72c016c7f116de83380773f6f5992aa",
      "requires": {
        "ad-dates": "git://github.com/ff0000-ad-tech/ad-dates.git#1f0ad9589d795c8ed71b38c564d28e8beb0fc732",
        "ad-legacy": "git://github.com/ff0000-ad-tech/ad-legacy.git#1b3742f40332abcb62ee07179c1013d3a11d1eb5",
        "ad-load": "git://github.com/ff0000-ad-tech/ad-load.git#35084ad1690a1b01642f1f3993d108611926c36f",
        "ad-utils": "git://github.com/ff0000-ad-tech/ad-utils.git#44323057bdf0be914d6988ee0b486d86fe849ac0"
      }
    },
    "ad-geom": {
      "version": "git://github.com/ff0000-ad-tech/ad-geom.git#97643256748528d3fa721d862ec739a2d993878f",
      "requires": {
        "ad-utils": "git://github.com/ff0000-ad-tech/ad-utils.git#44323057bdf0be914d6988ee0b486d86fe849ac0"
      }
    },
    "ad-legacy": {
      "version": "git://github.com/ff0000-ad-tech/ad-legacy.git#1b3742f40332abcb62ee07179c1013d3a11d1eb5",
      "requires": {
        "ad-events": "git://github.com/ff0000-ad-tech/ad-events.git#fa3ccaed598c46ee18f81244eb65de8ece5ab80e",
        "ad-utils": "git://github.com/ff0000-ad-tech/ad-utils.git#44323057bdf0be914d6988ee0b486d86fe849ac0",
        "ad-view": "git://github.com/ff0000-ad-tech/ad-view.git#65ab0ec29bea71e45b2f9bcbe19dce80962a940d"
      }
    },
    "ad-load": {
      "version": "git://github.com/ff0000-ad-tech/ad-load.git#35084ad1690a1b01642f1f3993d108611926c36f"
    },
    "ad-ui": {
      "version": "git://github.com/ff0000-ad-tech/ad-ui.git#46c7797a00861f0544cf20fd6a52e1ad29fc7c1f",
      "requires": {
        "ad-control": "git://github.com/ff0000-ad-tech/ad-control.git#95862fd07382a93761ffcfff565fee06f59be08f",
        "ad-events": "git://github.com/ff0000-ad-tech/ad-events.git#fa3ccaed598c46ee18f81244eb65de8ece5ab80e",
        "ad-utils": "git://github.com/ff0000-ad-tech/ad-utils.git#44323057bdf0be914d6988ee0b486d86fe849ac0",
        "ad-view": "git://github.com/ff0000-ad-tech/ad-view.git#65ab0ec29bea71e45b2f9bcbe19dce80962a940d"
      }
    },
    "ad-utils": {
      "version": "git://github.com/ff0000-ad-tech/ad-utils.git#44323057bdf0be914d6988ee0b486d86fe849ac0",
      "requires": {
        "ad-video": "git://github.com/ff0000-ad-tech/ad-video.git#0f94f332c8e7b7e331a4fd814c1251bd1fefb274",
        "ad-view": "git://github.com/ff0000-ad-tech/ad-view.git#65ab0ec29bea71e45b2f9bcbe19dce80962a940d"
      }
    },
    "ad-video": {
      "version": "git://github.com/ff0000-ad-tech/ad-video.git#0f94f332c8e7b7e331a4fd814c1251bd1fefb274",
      "requires": {
        "ad-canvas": "git://github.com/ff0000-ad-tech/ad-canvas.git#3364b90f6a4ae4e30458fc7c431a8440e4c9ffb7",
        "ad-control": "git://github.com/ff0000-ad-tech/ad-control.git#95862fd07382a93761ffcfff565fee06f59be08f",
        "ad-events": "git://github.com/ff0000-ad-tech/ad-events.git#fa3ccaed598c46ee18f81244eb65de8ece5ab80e",
        "ad-external": "git://github.com/ff0000-ad-tech/ad-external.git#82d60c68f72c016c7f116de83380773f6f5992aa",
        "ad-load": "git://github.com/ff0000-ad-tech/ad-load.git#35084ad1690a1b01642f1f3993d108611926c36f",
        "ad-ui": "git://github.com/ff0000-ad-tech/ad-ui.git#46c7797a00861f0544cf20fd6a52e1ad29fc7c1f",
        "ad-view": "git://github.com/ff0000-ad-tech/ad-view.git#65ab0ec29bea71e45b2f9bcbe19dce80962a940d"
      }
    },
    "ad-view": {
      "version": "git://github.com/ff0000-ad-tech/ad-view.git#65ab0ec29bea71e45b2f9bcbe19dce80962a940d",
      "requires": {
        "ad-control": "git://github.com/ff0000-ad-tech/ad-control.git#95862fd07382a93761ffcfff565fee06f59be08f",
        "ad-events": "git://github.com/ff0000-ad-tech/ad-events.git#fa3ccaed598c46ee18f81244eb65de8ece5ab80e",
        "ad-external": "git://github.com/ff0000-ad-tech/ad-external.git#82d60c68f72c016c7f116de83380773f6f5992aa",
        "ad-geom": "git://github.com/ff0000-ad-tech/ad-geom.git#97643256748528d3fa721d862ec739a2d993878f",
        "ad-legacy": "git://github.com/ff0000-ad-tech/ad-legacy.git#1b3742f40332abcb62ee07179c1013d3a11d1eb5",
        "ad-ui": "git://github.com/ff0000-ad-tech/ad-ui.git#46c7797a00861f0544cf20fd6a52e1ad29fc7c1f",
        "ad-utils": "git://github.com/ff0000-ad-tech/ad-utils.git#44323057bdf0be914d6988ee0b486d86fe849ac0"
      }
    }
  }
}
